// !$*UTF8*$!
{
	archiveVersion = 1;
	classes = {
	};
	objectVersion = 56;
	objects = {

/* Begin PBXBuildFile section */
		41CF5D302AEC8D040088A493 /* AppDelegate.swift in Sources */ = {isa = PBXBuildFile; fileRef = 41CF5D2F2AEC8D040088A493 /* AppDelegate.swift */; };
		41CF5D322AEC8D040088A493 /* SceneDelegate.swift in Sources */ = {isa = PBXBuildFile; fileRef = 41CF5D312AEC8D040088A493 /* SceneDelegate.swift */; };
		41CF5D372AEC8D040088A493 /* Main.storyboard in Resources */ = {isa = PBXBuildFile; fileRef = 41CF5D352AEC8D040088A493 /* Main.storyboard */; };
		41CF5D392AEC8D050088A493 /* Assets.xcassets in Resources */ = {isa = PBXBuildFile; fileRef = 41CF5D382AEC8D050088A493 /* Assets.xcassets */; };
		41CF5D3C2AEC8D050088A493 /* LaunchScreen.storyboard in Resources */ = {isa = PBXBuildFile; fileRef = 41CF5D3A2AEC8D050088A493 /* LaunchScreen.storyboard */; };
		41CF5D452AEC8F590088A493 /* Product.swift in Sources */ = {isa = PBXBuildFile; fileRef = 41CF5D442AEC8F590088A493 /* Product.swift */; };
		41CF5D492AEC90F50088A493 /* MainViewController.swift in Sources */ = {isa = PBXBuildFile; fileRef = 41CF5D482AEC90F50088A493 /* MainViewController.swift */; };
		41CF5D4B2AEC91290088A493 /* ProductController.swift in Sources */ = {isa = PBXBuildFile; fileRef = 41CF5D4A2AEC91290088A493 /* ProductController.swift */; };
		41CF5D4E2AEC92610088A493 /* DataLoadedDelegate.swift in Sources */ = {isa = PBXBuildFile; fileRef = 41CF5D4D2AEC92610088A493 /* DataLoadedDelegate.swift */; };
		41CF5D502AEC9FC30088A493 /* ProductTableViewCell.swift in Sources */ = {isa = PBXBuildFile; fileRef = 41CF5D4F2AEC9FC30088A493 /* ProductTableViewCell.swift */; };
		41CF5D522AECA2D00088A493 /* Rating.swift in Sources */ = {isa = PBXBuildFile; fileRef = 41CF5D512AECA2D00088A493 /* Rating.swift */; };
/* End PBXBuildFile section */

/* Begin PBXFileReference section */
		41CF5D2C2AEC8D040088A493 /* Final_Hugo_Salas.app */ = {isa = PBXFileReference; explicitFileType = wrapper.application; includeInIndex = 0; path = Final_Hugo_Salas.app; sourceTree = BUILT_PRODUCTS_DIR; };
		41CF5D2F2AEC8D040088A493 /* AppDelegate.swift */ = {isa = PBXFileReference; lastKnownFileType = sourcecode.swift; path = AppDelegate.swift; sourceTree = "<group>"; };
		41CF5D312AEC8D040088A493 /* SceneDelegate.swift */ = {isa = PBXFileReference; lastKnownFileType = sourcecode.swift; path = SceneDelegate.swift; sourceTree = "<group>"; };
		41CF5D362AEC8D040088A493 /* Base */ = {isa = PBXFileReference; lastKnownFileType = file.storyboard; name = Base; path = Base.lproj/Main.storyboard; sourceTree = "<group>"; };
		41CF5D382AEC8D050088A493 /* Assets.xcassets */ = {isa = PBXFileReference; lastKnownFileType = folder.assetcatalog; path = Assets.xcassets; sourceTree = "<group>"; };
		41CF5D3B2AEC8D050088A493 /* Base */ = {isa = PBXFileReference; lastKnownFileType = file.storyboard; name = Base; path = Base.lproj/LaunchScreen.storyboard; sourceTree = "<group>"; };
		41CF5D3D2AEC8D050088A493 /* Info.plist */ = {isa = PBXFileReference; lastKnownFileType = text.plist.xml; path = Info.plist; sourceTree = "<group>"; };
		41CF5D442AEC8F590088A493 /* Product.swift */ = {isa = PBXFileReference; lastKnownFileType = sourcecode.swift; path = Product.swift; sourceTree = "<group>"; };
		41CF5D482AEC90F50088A493 /* MainViewController.swift */ = {isa = PBXFileReference; lastKnownFileType = sourcecode.swift; path = MainViewController.swift; sourceTree = "<group>"; };
		41CF5D4A2AEC91290088A493 /* ProductController.swift */ = {isa = PBXFileReference; lastKnownFileType = sourcecode.swift; path = ProductController.swift; sourceTree = "<group>"; };
		41CF5D4D2AEC92610088A493 /* DataLoadedDelegate.swift */ = {isa = PBXFileReference; lastKnownFileType = sourcecode.swift; path = DataLoadedDelegate.swift; sourceTree = "<group>"; };
		41CF5D4F2AEC9FC30088A493 /* ProductTableViewCell.swift */ = {isa = PBXFileReference; lastKnownFileType = sourcecode.swift; path = ProductTableViewCell.swift; sourceTree = "<group>"; };
		41CF5D512AECA2D00088A493 /* Rating.swift */ = {isa = PBXFileReference; lastKnownFileType = sourcecode.swift; path = Rating.swift; sourceTree = "<group>"; };
/* End PBXFileReference section */

/* Begin PBXFrameworksBuildPhase section */
		41CF5D292AEC8D040088A493 /* Frameworks */ = {
			isa = PBXFrameworksBuildPhase;
			buildActionMask = 2147483647;
			files = (
			);
			runOnlyForDeploymentPostprocessing = 0;
		};
/* End PBXFrameworksBuildPhase section */

/* Begin PBXGroup section */
		41CF5D232AEC8D040088A493 = {
			isa = PBXGroup;
			children = (
				41CF5D2E2AEC8D040088A493 /* Final_Hugo_Salas */,
				41CF5D2D2AEC8D040088A493 /* Products */,
			);
			sourceTree = "<group>";
		};
		41CF5D2D2AEC8D040088A493 /* Products */ = {
			isa = PBXGroup;
			children = (
				41CF5D2C2AEC8D040088A493 /* Final_Hugo_Salas.app */,
			);
			name = Products;
			sourceTree = "<group>";
		};
		41CF5D2E2AEC8D040088A493 /* Final_Hugo_Salas */ = {
			isa = PBXGroup;
			children = (
				41CF5D432AEC8DE50088A493 /* Model */,
				41CF5D462AEC90690088A493 /* Controller */,
				41CF5D472AEC90750088A493 /* View */,
				41CF5D4C2AEC922E0088A493 /* Utils */,
				41CF5D2F2AEC8D040088A493 /* AppDelegate.swift */,
				41CF5D312AEC8D040088A493 /* SceneDelegate.swift */,
				41CF5D352AEC8D040088A493 /* Main.storyboard */,
				41CF5D382AEC8D050088A493 /* Assets.xcassets */,
				41CF5D3A2AEC8D050088A493 /* LaunchScreen.storyboard */,
				41CF5D3D2AEC8D050088A493 /* Info.plist */,
			);
			path = Final_Hugo_Salas;
			sourceTree = "<group>";
		};
		41CF5D432AEC8DE50088A493 /* Model */ = {
			isa = PBXGroup;
			children = (
				41CF5D442AEC8F590088A493 /* Product.swift */,
				41CF5D512AECA2D00088A493 /* Rating.swift */,
			);
			path = Model;
			sourceTree = "<group>";
		};
		41CF5D462AEC90690088A493 /* Controller */ = {
			isa = PBXGroup;
			children = (
				41CF5D4A2AEC91290088A493 /* ProductController.swift */,
			);
			path = Controller;
			sourceTree = "<group>";
		};
		41CF5D472AEC90750088A493 /* View */ = {
			isa = PBXGroup;
			children = (
				41CF5D482AEC90F50088A493 /* MainViewController.swift */,
				41CF5D4F2AEC9FC30088A493 /* ProductTableViewCell.swift */,
			);
			path = View;
			sourceTree = "<group>";
		};
		41CF5D4C2AEC922E0088A493 /* Utils */ = {
			isa = PBXGroup;
			children = (
				41CF5D4D2AEC92610088A493 /* DataLoadedDelegate.swift */,
			);
			path = Utils;
			sourceTree = "<group>";
		};
/* End PBXGroup section */

/* Begin PBXNativeTarget section */
		41CF5D2B2AEC8D040088A493 /* Final_Hugo_Salas */ = {
			isa = PBXNativeTarget;
			buildConfigurationList = 41CF5D402AEC8D050088A493 /* Build configuration list for PBXNativeTarget "Final_Hugo_Salas" */;
			buildPhases = (
				41CF5D282AEC8D040088A493 /* Sources */,
				41CF5D292AEC8D040088A493 /* Frameworks */,
				41CF5D2A2AEC8D040088A493 /* Resources */,
			);
			buildRules = (
			);
			dependencies = (
			);
			name = Final_Hugo_Salas;
			productName = Final_Hugo_Salas;
			productReference = 41CF5D2C2AEC8D040088A493 /* Final_Hugo_Salas.app */;
			productType = "com.apple.product-type.application";
		};
/* End PBXNativeTarget section */

/* Begin PBXProject section */
		41CF5D242AEC8D040088A493 /* Project object */ = {
			isa = PBXProject;
			attributes = {
				BuildIndependentTargetsInParallel = 1;
				LastSwiftUpdateCheck = 1430;
				LastUpgradeCheck = 1430;
				TargetAttributes = {
					41CF5D2B2AEC8D040088A493 = {
						CreatedOnToolsVersion = 14.3.1;
					};
				};
			};
			buildConfigurationList = 41CF5D272AEC8D040088A493 /* Build configuration list for PBXProject "Final_Hugo_Salas" */;
			compatibilityVersion = "Xcode 14.0";
			developmentRegion = en;
			hasScannedForEncodings = 0;
			knownRegions = (
				en,
				Base,
			);
			mainGroup = 41CF5D232AEC8D040088A493;
			productRefGroup = 41CF5D2D2AEC8D040088A493 /* Products */;
			projectDirPath = "";
			projectRoot = "";
			targets = (
				41CF5D2B2AEC8D040088A493 /* Final_Hugo_Salas */,
			);
		};
/* End PBXProject section */

/* Begin PBXResourcesBuildPhase section */
		41CF5D2A2AEC8D040088A493 /* Resources */ = {
			isa = PBXResourcesBuildPhase;
			buildActionMask = 2147483647;
			files = (
				41CF5D3C2AEC8D050088A493 /* LaunchScreen.storyboard in Resources */,
				41CF5D392AEC8D050088A493 /* Assets.xcassets in Resources */,
				41CF5D372AEC8D040088A493 /* Main.storyboard in Resources */,
			);
			runOnlyForDeploymentPostprocessing = 0;
		};
/* End PBXResourcesBuildPhase section */

/* Begin PBXSourcesBuildPhase section */
		41CF5D282AEC8D040088A493 /* Sources */ = {
			isa = PBXSourcesBuildPhase;
			buildActionMask = 2147483647;
			files = (
				41CF5D452AEC8F590088A493 /* Product.swift in Sources */,
				41CF5D302AEC8D040088A493 /* AppDelegate.swift in Sources */,
				41CF5D502AEC9FC30088A493 /* ProductTableViewCell.swift in Sources */,
				41CF5D322AEC8D040088A493 /* SceneDelegate.swift in Sources */,
				41CF5D522AECA2D00088A493 /* Rating.swift in Sources */,
				41CF5D4B2AEC91290088A493 /* ProductController.swift in Sources */,
				41CF5D492AEC90F50088A493 /* MainViewController.swift in Sources */,
				41CF5D4E2AEC92610088A493 /* DataLoadedDelegate.swift in Sources */,
			);
			runOnlyForDeploymentPostprocessing = 0;
		};
/* End PBXSourcesBuildPhase section */

/* Begin PBXVariantGroup section */
		41CF5D352AEC8D040088A493 /* Main.storyboard */ = {
			isa = PBXVariantGroup;
			children = (
				41CF5D362AEC8D040088A493 /* Base */,
			);
			name = Main.storyboard;
			sourceTree = "<group>";
		};
		41CF5D3A2AEC8D050088A493 /* LaunchScreen.storyboard */ = {
			isa = PBXVariantGroup;
			children = (
				41CF5D3B2AEC8D050088A493 /* Base */,
			);
			name = LaunchScreen.storyboard;
			sourceTree = "<group>";
		};
/* End PBXVariantGroup section */

/* Begin XCBuildConfiguration section */
		41CF5D3E2AEC8D050088A493 /* Debug */ = {
			isa = XCBuildConfiguration;
			buildSettings = {
				ALWAYS_SEARCH_USER_PATHS = NO;
				CLANG_ANALYZER_NONNULL = YES;
				CLANG_ANALYZER_NUMBER_OBJECT_CONVERSION = YES_AGGRESSIVE;
				CLANG_CXX_LANGUAGE_STANDARD = "gnu++20";
				CLANG_ENABLE_MODULES = YES;
				CLANG_ENABLE_OBJC_ARC = YES;
				CLANG_ENABLE_OBJC_WEAK = YES;
				CLANG_WARN_BLOCK_CAPTURE_AUTORELEASING = YES;
				CLANG_WARN_BOOL_CONVERSION = YES;
				CLANG_WARN_COMMA = YES;
				CLANG_WARN_CONSTANT_CONVERSION = YES;
				CLANG_WARN_DEPRECATED_OBJC_IMPLEMENTATIONS = YES;
				CLANG_WARN_DIRECT_OBJC_ISA_USAGE = YES_ERROR;
				CLANG_WARN_DOCUMENTATION_COMMENTS = YES;
				CLANG_WARN_EMPTY_BODY = YES;
				CLANG_WARN_ENUM_CONVERSION = YES;
				CLANG_WARN_INFINITE_RECURSION = YES;
				CLANG_WARN_INT_CONVERSION = YES;
				CLANG_WARN_NON_LITERAL_NULL_CONVERSION = YES;
				CLANG_WARN_OBJC_IMPLICIT_RETAIN_SELF = YES;
				CLANG_WARN_OBJC_LITERAL_CONVERSION = YES;
				CLANG_WARN_OBJC_ROOT_CLASS = YES_ERROR;
				CLANG_WARN_QUOTED_INCLUDE_IN_FRAMEWORK_HEADER = YES;
				CLANG_WARN_RANGE_LOOP_ANALYSIS = YES;
				CLANG_WARN_STRICT_PROTOTYPES = YES;
				CLANG_WARN_SUSPICIOUS_MOVE = YES;
				CLANG_WARN_UNGUARDED_AVAILABILITY = YES_AGGRESSIVE;
				CLANG_WARN_UNREACHABLE_CODE = YES;
				CLANG_WARN__DUPLICATE_METHOD_MATCH = YES;
				COPY_PHASE_STRIP = NO;
				DEBUG_INFORMATION_FORMAT = dwarf;
				ENABLE_STRICT_OBJC_MSGSEND = YES;
				ENABLE_TESTABILITY = YES;
				GCC_C_LANGUAGE_STANDARD = gnu11;
				GCC_DYNAMIC_NO_PIC = NO;
				GCC_NO_COMMON_BLOCKS = YES;
				GCC_OPTIMIZATION_LEVEL = 0;
				GCC_PREPROCESSOR_DEFINITIONS = (
					"DEBUG=1",
					"$(inherited)",
				);
				GCC_WARN_64_TO_32_BIT_CONVERSION = YES;
				GCC_WARN_ABOUT_RETURN_TYPE = YES_ERROR;
				GCC_WARN_UNDECLARED_SELECTOR = YES;
				GCC_WARN_UNINITIALIZED_AUTOS = YES_AGGRESSIVE;
				GCC_WARN_UNUSED_FUNCTION = YES;
				GCC_WARN_UNUSED_VARIABLE = YES;
				IPHONEOS_DEPLOYMENT_TARGET = 16.4;
				MTL_ENABLE_DEBUG_INFO = INCLUDE_SOURCE;
				MTL_FAST_MATH = YES;
				ONLY_ACTIVE_ARCH = YES;
				SDKROOT = iphoneos;
				SWIFT_ACTIVE_COMPILATION_CONDITIONS = DEBUG;
				SWIFT_OPTIMIZATION_LEVEL = "-Onone";
			};
			name = Debug;
		};
		41CF5D3F2AEC8D050088A493 /* Release */ = {
			isa = XCBuildConfiguration;
			buildSettings = {
				ALWAYS_SEARCH_USER_PATHS = NO;
				CLANG_ANALYZER_NONNULL = YES;
				CLANG_ANALYZER_NUMBER_OBJECT_CONVERSION = YES_AGGRESSIVE;
				CLANG_CXX_LANGUAGE_STANDARD = "gnu++20";
				CLANG_ENABLE_MODULES = YES;
				CLANG_ENABLE_OBJC_ARC = YES;
				CLANG_ENABLE_OBJC_WEAK = YES;
				CLANG_WARN_BLOCK_CAPTURE_AUTORELEASING = YES;
				CLANG_WARN_BOOL_CONVERSION = YES;
				CLANG_WARN_COMMA = YES;
				CLANG_WARN_CONSTANT_CONVERSION = YES;
				CLANG_WARN_DEPRECATED_OBJC_IMPLEMENTATIONS = YES;
				CLANG_WARN_DIRECT_OBJC_ISA_USAGE = YES_ERROR;
				CLANG_WARN_DOCUMENTATION_COMMENTS = YES;
				CLANG_WARN_EMPTY_BODY = YES;
				CLANG_WARN_ENUM_CONVERSION = YES;
				CLANG_WARN_INFINITE_RECURSION = YES;
				CLANG_WARN_INT_CONVERSION = YES;
				CLANG_WARN_NON_LITERAL_NULL_CONVERSION = YES;
				CLANG_WARN_OBJC_IMPLICIT_RETAIN_SELF = YES;
				CLANG_WARN_OBJC_LITERAL_CONVERSION = YES;
				CLANG_WARN_OBJC_ROOT_CLASS = YES_ERROR;
				CLANG_WARN_QUOTED_INCLUDE_IN_FRAMEWORK_HEADER = YES;
				CLANG_WARN_RANGE_LOOP_ANALYSIS = YES;
				CLANG_WARN_STRICT_PROTOTYPES = YES;
				CLANG_WARN_SUSPICIOUS_MOVE = YES;
				CLANG_WARN_UNGUARDED_AVAILABILITY = YES_AGGRESSIVE;
				CLANG_WARN_UNREACHABLE_CODE = YES;
				CLANG_WARN__DUPLICATE_METHOD_MATCH = YES;
				COPY_PHASE_STRIP = NO;
				DEBUG_INFORMATION_FORMAT = "dwarf-with-dsym";
				ENABLE_NS_ASSERTIONS = NO;
				ENABLE_STRICT_OBJC_MSGSEND = YES;
				GCC_C_LANGUAGE_STANDARD = gnu11;
				GCC_NO_COMMON_BLOCKS = YES;
				GCC_WARN_64_TO_32_BIT_CONVERSION = YES;
				GCC_WARN_ABOUT_RETURN_TYPE = YES_ERROR;
				GCC_WARN_UNDECLARED_SELECTOR = YES;
				GCC_WARN_UNINITIALIZED_AUTOS = YES_AGGRESSIVE;
				GCC_WARN_UNUSED_FUNCTION = YES;
				GCC_WARN_UNUSED_VARIABLE = YES;
				IPHONEOS_DEPLOYMENT_TARGET = 16.4;
				MTL_ENABLE_DEBUG_INFO = NO;
				MTL_FAST_MATH = YES;
				SDKROOT = iphoneos;
				SWIFT_COMPILATION_MODE = wholemodule;
				SWIFT_OPTIMIZATION_LEVEL = "-O";
				VALIDATE_PRODUCT = YES;
			};
			name = Release;
		};
		41CF5D412AEC8D050088A493 /* Debug */ = {
			isa = XCBuildConfiguration;
			buildSettings = {
				ASSETCATALOG_COMPILER_APPICON_NAME = AppIcon;
				ASSETCATALOG_COMPILER_GLOBAL_ACCENT_COLOR_NAME = AccentColor;
				CODE_SIGN_STYLE = Automatic;
				CURRENT_PROJECT_VERSION = 1;
				GENERATE_INFOPLIST_FILE = YES;
				INFOPLIST_FILE = Final_Hugo_Salas/Info.plist;
				INFOPLIST_KEY_UIApplicationSupportsIndirectInputEvents = YES;
				INFOPLIST_KEY_UILaunchStoryboardName = LaunchScreen;
				INFOPLIST_KEY_UIMainStoryboardFile = Main;
				INFOPLIST_KEY_UISupportedInterfaceOrientations_iPad = "UIInterfaceOrientationPortrait UIInterfaceOrientationPortraitUpsideDown UIInterfaceOrientationLandscapeLeft UIInterfaceOrientationLandscapeRight";
				INFOPLIST_KEY_UISupportedInterfaceOrientations_iPhone = "UIInterfaceOrientationPortrait UIInterfaceOrientationLandscapeLeft UIInterfaceOrientationLandscapeRight";
				LD_RUNPATH_SEARCH_PATHS = (
					"$(inherited)",
					"@executable_path/Frameworks",
				);
				MARKETING_VERSION = 1.0;
				PRODUCT_BUNDLE_IDENTIFIER = "cibertec.edu.pe.Final-Hugo-Salas";
				PRODUCT_NAME = "$(TARGET_NAME)";
				SWIFT_EMIT_LOC_STRINGS = YES;
				SWIFT_VERSION = 5.0;
				TARGETED_DEVICE_FAMILY = "1,2";
			};
			name = Debug;
		};
		41CF5D422AEC8D050088A493 /* Release */ = {
			isa = XCBuildConfiguration;
			buildSettings = {
				ASSETCATALOG_COMPILER_APPICON_NAME = AppIcon;
				ASSETCATALOG_COMPILER_GLOBAL_ACCENT_COLOR_NAME = AccentColor;
				CODE_SIGN_STYLE = Automatic;
				CURRENT_PROJECT_VERSION = 1;
				GENERATE_INFOPLIST_FILE = YES;
				INFOPLIST_FILE = Final_Hugo_Salas/Info.plist;
				INFOPLIST_KEY_UIApplicationSupportsIndirectInputEvents = YES;
				INFOPLIST_KEY_UILaunchStoryboardName = LaunchScreen;
				INFOPLIST_KEY_UIMainStoryboardFile = Main;
				INFOPLIST_KEY_UISupportedInterfaceOrientations_iPad = "UIInterfaceOrientationPortrait UIInterfaceOrientationPortraitUpsideDown UIInterfaceOrientationLandscapeLeft UIInterfaceOrientationLandscapeRight";
				INFOPLIST_KEY_UISupportedInterfaceOrientations_iPhone = "UIInterfaceOrientationPortrait UIInterfaceOrientationLandscapeLeft UIInterfaceOrientationLandscapeRight";
				LD_RUNPATH_SEARCH_PATHS = (
					"$(inherited)",
					"@executable_path/Frameworks",
				);
				MARKETING_VERSION = 1.0;
				PRODUCT_BUNDLE_IDENTIFIER = "cibertec.edu.pe.Final-Hugo-Salas";
				PRODUCT_NAME = "$(TARGET_NAME)";
				SWIFT_EMIT_LOC_STRINGS = YES;
				SWIFT_VERSION = 5.0;
				TARGETED_DEVICE_FAMILY = "1,2";
			};
			name = Release;
		};
/* End XCBuildConfiguration section */

/* Begin XCConfigurationList section */
		41CF5D272AEC8D040088A493 /* Build configuration list for PBXProject "Final_Hugo_Salas" */ = {
			isa = XCConfigurationList;
			buildConfigurations = (
				41CF5D3E2AEC8D050088A493 /* Debug */,
				41CF5D3F2AEC8D050088A493 /* Release */,
			);
			defaultConfigurationIsVisible = 0;
			defaultConfigurationName = Release;
		};
		41CF5D402AEC8D050088A493 /* Build configuration list for PBXNativeTarget "Final_Hugo_Salas" */ = {
			isa = XCConfigurationList;
			buildConfigurations = (
				41CF5D412AEC8D050088A493 /* Debug */,
				41CF5D422AEC8D050088A493 /* Release */,
			);
			defaultConfigurationIsVisible = 0;
			defaultConfigurationName = Release;
		};
/* End XCConfigurationList section */
	};
	rootObject = 41CF5D242AEC8D040088A493 /* Project object */;
}
